
Microsoft Visual Studio Solution File, Format Version 12.00
# Visual Studio Version 17
VisualStudioVersion = 17.7.34202.233
MinimumVisualStudioVersion = 10.0.40219.1
Project("{9A19103F-16F7-4668-BE54-9A1E7A4F7556}") = "NetCoreWebAPI", "NetCoreWebAPI\NetCoreWebAPI.csproj", "{B8D93D4F-4D1F-44F8-A3DD-A02E71363812}"
EndProject
Project("{9A19103F-16F7-4668-BE54-9A1E7A4F7556}") = "UnitTest", "UnitTest\UnitTest.csproj", "{E2970633-B565-494E-9490-27345BAF1324}"
EndProject
Project("{9A19103F-16F7-4668-BE54-9A1E7A4F7556}") = "Core", "Core\Core.csproj", "{28A97272-2008-4C9F-A73A-8B76505BA1A2}"
EndProject
Project("{2150E333-8FDC-42A3-9474-1A3956D46DE8}") = "Solution Items", "Solution Items", "{AC90F6D3-85BB-418B-B0B1-931ACF8D61FD}"
	ProjectSection(SolutionItems) = preProject
		docker-compose.yaml = docker-compose.yaml
		Dockerfile = Dockerfile
	EndProjectSection
EndProject
Project("{FAE04EC0-301F-11D3-BF4B-00C04F79EFBC}") = "IdentityCore", "IdentityCore\IdentityCore.csproj", "{C3328090-B83F-4670-9C66-247F4A297C09}"
EndProject
Global
	GlobalSection(SolutionConfigurationPlatforms) = preSolution
		Debug|Any CPU = Debug|Any CPU
		Release|Any CPU = Release|Any CPU
	EndGlobalSection
	GlobalSection(ProjectConfigurationPlatforms) = postSolution
		{B8D93D4F-4D1F-44F8-A3DD-A02E71363812}.Debug|Any CPU.ActiveCfg = Debug|Any CPU
		{B8D93D4F-4D1F-44F8-A3DD-A02E71363812}.Debug|Any CPU.Build.0 = Debug|Any CPU
		{B8D93D4F-4D1F-44F8-A3DD-A02E71363812}.Release|Any CPU.ActiveCfg = Release|Any CPU
		{B8D93D4F-4D1F-44F8-A3DD-A02E71363812}.Release|Any CPU.Build.0 = Release|Any CPU
		{E2970633-B565-494E-9490-27345BAF1324}.Debug|Any CPU.ActiveCfg = Debug|Any CPU
		{E2970633-B565-494E-9490-27345BAF1324}.Debug|Any CPU.Build.0 = Debug|Any CPU
		{E2970633-B565-494E-9490-27345BAF1324}.Release|Any CPU.ActiveCfg = Release|Any CPU
		{E2970633-B565-494E-9490-27345BAF1324}.Release|Any CPU.Build.0 = Release|Any CPU
		{28A97272-2008-4C9F-A73A-8B76505BA1A2}.Debug|Any CPU.ActiveCfg = Debug|Any CPU
		{28A97272-2008-4C9F-A73A-8B76505BA1A2}.Debug|Any CPU.Build.0 = Debug|Any CPU
		{28A97272-2008-4C9F-A73A-8B76505BA1A2}.Release|Any CPU.ActiveCfg = Release|Any CPU
		{28A97272-2008-4C9F-A73A-8B76505BA1A2}.Release|Any CPU.Build.0 = Release|Any CPU
		{C3328090-B83F-4670-9C66-247F4A297C09}.Debug|Any CPU.ActiveCfg = Debug|Any CPU
		{C3328090-B83F-4670-9C66-247F4A297C09}.Debug|Any CPU.Build.0 = Debug|Any CPU
		{C3328090-B83F-4670-9C66-247F4A297C09}.Release|Any CPU.ActiveCfg = Release|Any CPU
		{C3328090-B83F-4670-9C66-247F4A297C09}.Release|Any CPU.Build.0 = Release|Any CPU
	EndGlobalSection
	GlobalSection(SolutionProperties) = preSolution
		HideSolutionNode = FALSE
	EndGlobalSection
	GlobalSection(ExtensibilityGlobals) = postSolution
		SolutionGuid = {66705A8E-370C-496E-855C-3A676A5D2384}
	EndGlobalSection
EndGlobal
